
Microsoft Visual Studio Solution File, Format Version 12.00
# Visual Studio Version 16
VisualStudioVersion = 16.0.31624.102
MinimumVisualStudioVersion = 10.0.40219.1
Project("{FAE04EC0-301F-11D3-BF4B-00C04F79EFBC}") = "ZverevRadchenkovAzimov", "ZverevRadchenkovAzimov\ZverevRadchenkovAzimov.csproj", "{D8D9F9CA-480E-4618-AF6E-88024F4FD2BC}"
EndProject
Global
	GlobalSection(SolutionConfigurationPlatforms) = preSolution
		Debug|Any CPU = Debug|Any CPU
		Release|Any CPU = Release|Any CPU
	EndGlobalSection
	GlobalSection(ProjectConfigurationPlatforms) = postSolution
		{D8D9F9CA-480E-4618-AF6E-88024F4FD2BC}.Debug|Any CPU.ActiveCfg = Debug|Any CPU
		{D8D9F9CA-480E-4618-AF6E-88024F4FD2BC}.Debug|Any CPU.Build.0 = Debug|Any CPU
		{D8D9F9CA-480E-4618-AF6E-88024F4FD2BC}.Release|Any CPU.ActiveCfg = Release|Any CPU
		{D8D9F9CA-480E-4618-AF6E-88024F4FD2BC}.Release|Any CPU.Build.0 = Release|Any CPU
	EndGlobalSection
	GlobalSection(SolutionProperties) = preSolution
		HideSolutionNode = FALSE
	EndGlobalSection
	GlobalSection(ExtensibilityGlobals) = postSolution
		SolutionGuid = {E37FD1D8-620A-4AF6-BDD4-3F43834B9449}
	EndGlobalSection
EndGlobal
